# generated by rye
# use `rye lock` or `rye sync` to update this lockfile
#
# last locked with the following flags:
#   pre: false
#   features: []
#   all-features: false
#   with-sources: false

-e file:.
greenlet==3.0.3
    # via playwright
playwright==1.42.0
    # via facebook-feed-scraper
pyee==11.0.1
    # via playwright
typing-extensions==4.10.0
    # via pyee
